
Microsoft Visual Studio Solution File, Format Version 12.00
# Visual Studio Version 17
VisualStudioVersion = 17.6.33815.320
MinimumVisualStudioVersion = 10.0.40219.1
Project("{9A19103F-16F7-4668-BE54-9A1E7A4F7556}") = "ConsoleApp1", "ConsoleApp1\ConsoleApp1.csproj", "{AAB39850-5EAC-47C8-954E-2DA910C37D7A}"
EndProject
Project("{9A19103F-16F7-4668-BE54-9A1E7A4F7556}") = "SharedSDK", "SharedSDK\SharedSDK.csproj", "{390C0072-EA83-4F07-AA42-0C6657DAD042}"
EndProject
Project("{9A19103F-16F7-4668-BE54-9A1E7A4F7556}") = "AlchemistToOnfly", "AlchemistToOnfly\AlchemistToOnfly.csproj", "{20B9DAD0-A510-46C6-B238-279B4DEF4D20}"
EndProject
Global
	GlobalSection(SolutionConfigurationPlatforms) = preSolution
		Debug|Any CPU = Debug|Any CPU
		Release|Any CPU = Release|Any CPU
	EndGlobalSection
	GlobalSection(ProjectConfigurationPlatforms) = postSolution
		{AAB39850-5EAC-47C8-954E-2DA910C37D7A}.Debug|Any CPU.ActiveCfg = Debug|Any CPU
		{AAB39850-5EAC-47C8-954E-2DA910C37D7A}.Debug|Any CPU.Build.0 = Debug|Any CPU
		{AAB39850-5EAC-47C8-954E-2DA910C37D7A}.Release|Any CPU.ActiveCfg = Release|Any CPU
		{AAB39850-5EAC-47C8-954E-2DA910C37D7A}.Release|Any CPU.Build.0 = Release|Any CPU
		{390C0072-EA83-4F07-AA42-0C6657DAD042}.Debug|Any CPU.ActiveCfg = Debug|Any CPU
		{390C0072-EA83-4F07-AA42-0C6657DAD042}.Debug|Any CPU.Build.0 = Debug|Any CPU
		{390C0072-EA83-4F07-AA42-0C6657DAD042}.Release|Any CPU.ActiveCfg = Release|Any CPU
		{390C0072-EA83-4F07-AA42-0C6657DAD042}.Release|Any CPU.Build.0 = Release|Any CPU
		{20B9DAD0-A510-46C6-B238-279B4DEF4D20}.Debug|Any CPU.ActiveCfg = Debug|Any CPU
		{20B9DAD0-A510-46C6-B238-279B4DEF4D20}.Debug|Any CPU.Build.0 = Debug|Any CPU
		{20B9DAD0-A510-46C6-B238-279B4DEF4D20}.Release|Any CPU.ActiveCfg = Release|Any CPU
		{20B9DAD0-A510-46C6-B238-279B4DEF4D20}.Release|Any CPU.Build.0 = Release|Any CPU
	EndGlobalSection
	GlobalSection(SolutionProperties) = preSolution
		HideSolutionNode = FALSE
	EndGlobalSection
	GlobalSection(ExtensibilityGlobals) = postSolution
		SolutionGuid = {DC5C20B6-DDC8-4A17-83F9-DE0FFFD963BA}
	EndGlobalSection
EndGlobal
